
Microsoft Visual Studio Solution File, Format Version 12.00
# Visual Studio 2012
Project("{FAE04EC0-301F-11D3-BF4B-00C04F79EFBC}") = "Week2CodeChallenge", "Week2CodeChallenge.csproj", "{A79B687A-FF28-4EF9-B96C-DA788E86D9CF}"
EndProject
Global
	GlobalSection(SolutionConfigurationPlatforms) = preSolution
		Debug|Any CPU = Debug|Any CPU
		Release|Any CPU = Release|Any CPU
	EndGlobalSection
	GlobalSection(ProjectConfigurationPlatforms) = postSolution
		{A79B687A-FF28-4EF9-B96C-DA788E86D9CF}.Debug|Any CPU.ActiveCfg = Debug|Any CPU
		{A79B687A-FF28-4EF9-B96C-DA788E86D9CF}.Debug|Any CPU.Build.0 = Debug|Any CPU
		{A79B687A-FF28-4EF9-B96C-DA788E86D9CF}.Release|Any CPU.ActiveCfg = Release|Any CPU
		{A79B687A-FF28-4EF9-B96C-DA788E86D9CF}.Release|Any CPU.Build.0 = Release|Any CPU
	EndGlobalSection
	GlobalSection(SolutionProperties) = preSolution
		HideSolutionNode = FALSE
	EndGlobalSection
EndGlobal
